
Microsoft Visual Studio Solution File, Format Version 12.00
# Visual Studio Version 17
VisualStudioVersion = 17.5.33516.290
MinimumVisualStudioVersion = 10.0.40219.1
Project("{FAE04EC0-301F-11D3-BF4B-00C04F79EFBC}") = "EXAM_FINAL1", "EXAM_FINAL1\EXAM_FINAL1.csproj", "{6AEEA080-CC8C-4761-BC79-E933E1B95658}"
EndProject
Global
	GlobalSection(SolutionConfigurationPlatforms) = preSolution
		Debug|Any CPU = Debug|Any CPU
		Release|Any CPU = Release|Any CPU
	EndGlobalSection
	GlobalSection(ProjectConfigurationPlatforms) = postSolution
		{6AEEA080-CC8C-4761-BC79-E933E1B95658}.Debug|Any CPU.ActiveCfg = Debug|Any CPU
		{6AEEA080-CC8C-4761-BC79-E933E1B95658}.Debug|Any CPU.Build.0 = Debug|Any CPU
		{6AEEA080-CC8C-4761-BC79-E933E1B95658}.Release|Any CPU.ActiveCfg = Release|Any CPU
		{6AEEA080-CC8C-4761-BC79-E933E1B95658}.Release|Any CPU.Build.0 = Release|Any CPU
	EndGlobalSection
	GlobalSection(SolutionProperties) = preSolution
		HideSolutionNode = FALSE
	EndGlobalSection
	GlobalSection(ExtensibilityGlobals) = postSolution
		SolutionGuid = {53C8CA03-6BCD-4113-B008-D1D1E9EBA5BC}
	EndGlobalSection
EndGlobal
